
Microsoft Visual Studio Solution File, Format Version 12.00
# Visual Studio Version 17
VisualStudioVersion = 17.11.35303.130
MinimumVisualStudioVersion = 10.0.40219.1
Project("{2150E333-8FDC-42A3-9474-1A3956D46DE8}") = "Task0", "Task0", "{B2AC2809-F153-4C5F-A997-8D42DD50C60B}"
EndProject
Project("{9A19103F-16F7-4668-BE54-9A1E7A4F7556}") = "Tyuiu.ChelolyanAE.Sprint1.Task0.V22", "Tyuiu.ChelolyanAE.Sprint1.Task0.V22\Tyuiu.ChelolyanAE.Sprint1.Task0.V22.csproj", "{7D2830F1-F2F3-464B-8FFE-03266CBCF308}"
EndProject
Project("{9A19103F-16F7-4668-BE54-9A1E7A4F7556}") = "Tyuiu.ChelolyanAE.Sprint1.Task0.V22.Lib", "Tyuiu.ChelolyanAE.Sprint1.Task0.V22.Lib\Tyuiu.ChelolyanAE.Sprint1.Task0.V22.Lib.csproj", "{A5EBB6C7-829F-4C7F-91CF-2751CA15CC61}"
EndProject
Project("{9A19103F-16F7-4668-BE54-9A1E7A4F7556}") = "Tyuiu.ChelolyanAE.Sprint1.Task0.V22.Test", "Tyuiu.ChelolyanAE.Sprint1.Task0.V22.Test\Tyuiu.ChelolyanAE.Sprint1.Task0.V22.Test.csproj", "{624387FC-96D7-4D1C-A527-E3CE4BCB87A5}"
EndProject
Project("{2150E333-8FDC-42A3-9474-1A3956D46DE8}") = "Task1", "Task1", "{87089BFC-8EE7-4282-B336-4500EDB635AE}"
EndProject
Project("{9A19103F-16F7-4668-BE54-9A1E7A4F7556}") = "Tyuiu.ChelolyanAE.Sprint1.Task1.V26", "Tyuiu.ChelolyanAE.Sprint1.Task1.V26\Tyuiu.ChelolyanAE.Sprint1.Task1.V26.csproj", "{2031A027-75AF-4A8D-9207-A6BCC02E4C0D}"
EndProject
Project("{9A19103F-16F7-4668-BE54-9A1E7A4F7556}") = "Tyuiu.ChelolyanAE.Sprint1.Task1.V26.Lib", "Tyuiu.ChelolyanAE.Sprint1.Task1.V26.Lib\Tyuiu.ChelolyanAE.Sprint1.Task1.V26.Lib.csproj", "{9DAE8135-D0D5-4938-9DD3-3C7A822D43FC}"
EndProject
Project("{9A19103F-16F7-4668-BE54-9A1E7A4F7556}") = "Tyuiu.ChelolyanAE.Sprint1.Task1.V26.Test", "Tyuiu.ChelolyanAE.Sprint1.Task1.V26.Test\Tyuiu.ChelolyanAE.Sprint1.Task1.V26.Test.csproj", "{F15385B4-7334-4353-AF4E-5EBD7102BE2F}"
EndProject
Project("{2150E333-8FDC-42A3-9474-1A3956D46DE8}") = "Task2", "Task2", "{6191794B-8E0E-40E8-8C02-1909B2ED7E44}"
EndProject
Project("{9A19103F-16F7-4668-BE54-9A1E7A4F7556}") = "Tyuiu.ChelolyanAE.Sprint1.Task2.V29", "Tyuiu.ChelolyanAE.Sprint1.Task2.V29\Tyuiu.ChelolyanAE.Sprint1.Task2.V29.csproj", "{18A5468D-2589-4683-9D8D-01CFB57AE55A}"
EndProject
Project("{9A19103F-16F7-4668-BE54-9A1E7A4F7556}") = "Tyuiu.ChelolyanAE.Sprint1.Task2.V29.Lib", "Tyuiu.ChelolyanAE.Sprint1.Task2.V29.Lib\Tyuiu.ChelolyanAE.Sprint1.Task2.V29.Lib.csproj", "{ED57CF67-A3D8-4EDB-BFF9-F4765552DD95}"
EndProject
Project("{9A19103F-16F7-4668-BE54-9A1E7A4F7556}") = "Tyuiu.ChelolyanAE.Sprint1.Task2.V29.Test", "Tyuiu.ChelolyanAE.Sprint1.Task2.V29.Test\Tyuiu.ChelolyanAE.Sprint1.Task2.V29.Test.csproj", "{8F2A7B3C-6702-4B79-A472-A4C27E91E4D2}"
EndProject
Project("{2150E333-8FDC-42A3-9474-1A3956D46DE8}") = "Task3", "Task3", "{4AEA67B9-FCE3-43B2-88EA-EA02FE81C14C}"
EndProject
Project("{9A19103F-16F7-4668-BE54-9A1E7A4F7556}") = "Tyuiu.ChelolyanAE.Sprint1.Task3.V9", "Tyuiu.ChelolyanAE.Sprint1.Task3.V9\Tyuiu.ChelolyanAE.Sprint1.Task3.V9.csproj", "{084D0FD1-28BE-4D13-95F4-25DA2562A02A}"
EndProject
Project("{9A19103F-16F7-4668-BE54-9A1E7A4F7556}") = "Tyuiu.ChelolyanAE.Sprint1.Task3.V9.Lib", "Tyuiu.ChelolyanAE.Sprint1.Task3.V9.Lib\Tyuiu.ChelolyanAE.Sprint1.Task3.V9.Lib.csproj", "{D3BE73B6-07ED-4914-AD63-329F8B6F94EB}"
EndProject
Project("{9A19103F-16F7-4668-BE54-9A1E7A4F7556}") = "Tyuiu.ChelolyanAE.Sprint1.Task3.V9.Test", "Tyuiu.ChelolyanAE.Sprint1.Task3.V9.Test\Tyuiu.ChelolyanAE.Sprint1.Task3.V9.Test.csproj", "{D9539767-F4F4-464A-A5CC-3A61F0CA07CE}"
EndProject
Project("{2150E333-8FDC-42A3-9474-1A3956D46DE8}") = "Task4", "Task4", "{7D4AA695-F570-4F4C-AE20-BA2669C7882A}"
EndProject
Project("{9A19103F-16F7-4668-BE54-9A1E7A4F7556}") = "Tyuiu.ChelolyanAE.Sprint1.Task4.V17", "Tyuiu.ChelolyanAE.Sprint1.Task4.V17\Tyuiu.ChelolyanAE.Sprint1.Task4.V17.csproj", "{A3B8DAA2-FB74-4E9D-8423-10240B581A57}"
EndProject
Project("{9A19103F-16F7-4668-BE54-9A1E7A4F7556}") = "Tyuiu.ChelolyanAE.Sprint1.Task4.V17.Lib", "Tyuiu.ChelolyanAE.Sprint1.Task4.V17.Lib\Tyuiu.ChelolyanAE.Sprint1.Task4.V17.Lib.csproj", "{49E737D4-73EA-4FB9-A654-4C1417745191}"
EndProject
Project("{9A19103F-16F7-4668-BE54-9A1E7A4F7556}") = "Tyuiu.ChelolyanAE.Sprint1.Task4.V17.Test", "Tyuiu.ChelolyanAE.Sprint1.Task4.V17.Test\Tyuiu.ChelolyanAE.Sprint1.Task4.V17.Test.csproj", "{79358EDB-498D-4100-8926-089A7EC83876}"
EndProject
Project("{2150E333-8FDC-42A3-9474-1A3956D46DE8}") = "Task5", "Task5", "{4DA33BE5-8A2C-4CC2-B9B7-0C60231CE7F7}"
EndProject
Project("{9A19103F-16F7-4668-BE54-9A1E7A4F7556}") = "Tyuiu.ChelolyanAE.Sprint1.Task5.V3", "Tyuiu.ChelolyanAE.Sprint1.Task5.V3\Tyuiu.ChelolyanAE.Sprint1.Task5.V3.csproj", "{335EB21F-E586-4B73-B614-62DE730F9ECC}"
EndProject
Project("{9A19103F-16F7-4668-BE54-9A1E7A4F7556}") = "Tyuiu.ChelolyanAE.Sprint1.Task5.V3.Lib", "Tyuiu.ChelolyanAE.Sprint1.Task5.V3.Lib\Tyuiu.ChelolyanAE.Sprint1.Task5.V3.Lib.csproj", "{2E248061-11F4-4F8D-A3B6-60BEAD8B8A6B}"
EndProject
Project("{9A19103F-16F7-4668-BE54-9A1E7A4F7556}") = "Tyuiu.ChelolyanAE.Sprint1.Task5.V3.Test", "Tyuiu.ChelolyanAE.Sprint1.Task5.V3.Test\Tyuiu.ChelolyanAE.Sprint1.Task5.V3.Test.csproj", "{67DDAFBE-C91A-4EC9-81E3-52AC451AD9DF}"
EndProject
Project("{2150E333-8FDC-42A3-9474-1A3956D46DE8}") = "Task6", "Task6", "{3C28C77B-D0DC-467E-B727-F8462DF4F142}"
EndProject
Project("{FAE04EC0-301F-11D3-BF4B-00C04F79EFBC}") = "Tyuiu.ChelolyanAE.Sprint1.Task6.V13", "Tyuiu.ChelolyanAE.Sprint1.Task6.V13\Tyuiu.ChelolyanAE.Sprint1.Task6.V13.csproj", "{28E8475E-5BDC-4551-9FE1-428A2E28A492}"
EndProject
Project("{FAE04EC0-301F-11D3-BF4B-00C04F79EFBC}") = "Tyuiu.ChelolyanAE.Sprint1.Task6.V13.Lib", "Tyuiu.ChelolyanAE.Sprint1.Task6.V13.Lib\Tyuiu.ChelolyanAE.Sprint1.Task6.V13.Lib.csproj", "{235475DD-FF7C-4CDB-8AB4-50FA98AA1EFA}"
EndProject
Project("{FAE04EC0-301F-11D3-BF4B-00C04F79EFBC}") = "Tyuiu.ChelolyanAE.Sprint1.Task6.V13.Test", "Tyuiu.ChelolyanAE.Sprint1.Task6.V13.Test\Tyuiu.ChelolyanAE.Sprint1.Task6.V13.Test.csproj", "{28D62407-C767-472A-8043-CF1F76EADBB7}"
EndProject
Global
	GlobalSection(SolutionConfigurationPlatforms) = preSolution
		Debug|Any CPU = Debug|Any CPU
		Release|Any CPU = Release|Any CPU
	EndGlobalSection
	GlobalSection(ProjectConfigurationPlatforms) = postSolution
		{7D2830F1-F2F3-464B-8FFE-03266CBCF308}.Debug|Any CPU.ActiveCfg = Debug|Any CPU
		{7D2830F1-F2F3-464B-8FFE-03266CBCF308}.Debug|Any CPU.Build.0 = Debug|Any CPU
		{7D2830F1-F2F3-464B-8FFE-03266CBCF308}.Release|Any CPU.ActiveCfg = Release|Any CPU
		{7D2830F1-F2F3-464B-8FFE-03266CBCF308}.Release|Any CPU.Build.0 = Release|Any CPU
		{A5EBB6C7-829F-4C7F-91CF-2751CA15CC61}.Debug|Any CPU.ActiveCfg = Debug|Any CPU
		{A5EBB6C7-829F-4C7F-91CF-2751CA15CC61}.Debug|Any CPU.Build.0 = Debug|Any CPU
		{A5EBB6C7-829F-4C7F-91CF-2751CA15CC61}.Release|Any CPU.ActiveCfg = Release|Any CPU
		{A5EBB6C7-829F-4C7F-91CF-2751CA15CC61}.Release|Any CPU.Build.0 = Release|Any CPU
		{624387FC-96D7-4D1C-A527-E3CE4BCB87A5}.Debug|Any CPU.ActiveCfg = Debug|Any CPU
		{624387FC-96D7-4D1C-A527-E3CE4BCB87A5}.Debug|Any CPU.Build.0 = Debug|Any CPU
		{624387FC-96D7-4D1C-A527-E3CE4BCB87A5}.Release|Any CPU.ActiveCfg = Release|Any CPU
		{624387FC-96D7-4D1C-A527-E3CE4BCB87A5}.Release|Any CPU.Build.0 = Release|Any CPU
		{2031A027-75AF-4A8D-9207-A6BCC02E4C0D}.Debug|Any CPU.ActiveCfg = Debug|Any CPU
		{2031A027-75AF-4A8D-9207-A6BCC02E4C0D}.Debug|Any CPU.Build.0 = Debug|Any CPU
		{2031A027-75AF-4A8D-9207-A6BCC02E4C0D}.Release|Any CPU.ActiveCfg = Release|Any CPU
		{2031A027-75AF-4A8D-9207-A6BCC02E4C0D}.Release|Any CPU.Build.0 = Release|Any CPU
		{9DAE8135-D0D5-4938-9DD3-3C7A822D43FC}.Debug|Any CPU.ActiveCfg = Debug|Any CPU
		{9DAE8135-D0D5-4938-9DD3-3C7A822D43FC}.Debug|Any CPU.Build.0 = Debug|Any CPU
		{9DAE8135-D0D5-4938-9DD3-3C7A822D43FC}.Release|Any CPU.ActiveCfg = Release|Any CPU
		{9DAE8135-D0D5-4938-9DD3-3C7A822D43FC}.Release|Any CPU.Build.0 = Release|Any CPU
		{F15385B4-7334-4353-AF4E-5EBD7102BE2F}.Debug|Any CPU.ActiveCfg = Debug|Any CPU
		{F15385B4-7334-4353-AF4E-5EBD7102BE2F}.Debug|Any CPU.Build.0 = Debug|Any CPU
		{F15385B4-7334-4353-AF4E-5EBD7102BE2F}.Release|Any CPU.ActiveCfg = Release|Any CPU
		{F15385B4-7334-4353-AF4E-5EBD7102BE2F}.Release|Any CPU.Build.0 = Release|Any CPU
		{18A5468D-2589-4683-9D8D-01CFB57AE55A}.Debug|Any CPU.ActiveCfg = Debug|Any CPU
		{18A5468D-2589-4683-9D8D-01CFB57AE55A}.Debug|Any CPU.Build.0 = Debug|Any CPU
		{18A5468D-2589-4683-9D8D-01CFB57AE55A}.Release|Any CPU.ActiveCfg = Release|Any CPU
		{18A5468D-2589-4683-9D8D-01CFB57AE55A}.Release|Any CPU.Build.0 = Release|Any CPU
		{ED57CF67-A3D8-4EDB-BFF9-F4765552DD95}.Debug|Any CPU.ActiveCfg = Debug|Any CPU
		{ED57CF67-A3D8-4EDB-BFF9-F4765552DD95}.Debug|Any CPU.Build.0 = Debug|Any CPU
		{ED57CF67-A3D8-4EDB-BFF9-F4765552DD95}.Release|Any CPU.ActiveCfg = Release|Any CPU
		{ED57CF67-A3D8-4EDB-BFF9-F4765552DD95}.Release|Any CPU.Build.0 = Release|Any CPU
		{8F2A7B3C-6702-4B79-A472-A4C27E91E4D2}.Debug|Any CPU.ActiveCfg = Debug|Any CPU
		{8F2A7B3C-6702-4B79-A472-A4C27E91E4D2}.Debug|Any CPU.Build.0 = Debug|Any CPU
		{8F2A7B3C-6702-4B79-A472-A4C27E91E4D2}.Release|Any CPU.ActiveCfg = Release|Any CPU
		{8F2A7B3C-6702-4B79-A472-A4C27E91E4D2}.Release|Any CPU.Build.0 = Release|Any CPU
		{084D0FD1-28BE-4D13-95F4-25DA2562A02A}.Debug|Any CPU.ActiveCfg = Debug|Any CPU
		{084D0FD1-28BE-4D13-95F4-25DA2562A02A}.Debug|Any CPU.Build.0 = Debug|Any CPU
		{084D0FD1-28BE-4D13-95F4-25DA2562A02A}.Release|Any CPU.ActiveCfg = Release|Any CPU
		{084D0FD1-28BE-4D13-95F4-25DA2562A02A}.Release|Any CPU.Build.0 = Release|Any CPU
		{D3BE73B6-07ED-4914-AD63-329F8B6F94EB}.Debug|Any CPU.ActiveCfg = Debug|Any CPU
		{D3BE73B6-07ED-4914-AD63-329F8B6F94EB}.Debug|Any CPU.Build.0 = Debug|Any CPU
		{D3BE73B6-07ED-4914-AD63-329F8B6F94EB}.Release|Any CPU.ActiveCfg = Release|Any CPU
		{D3BE73B6-07ED-4914-AD63-329F8B6F94EB}.Release|Any CPU.Build.0 = Release|Any CPU
		{D9539767-F4F4-464A-A5CC-3A61F0CA07CE}.Debug|Any CPU.ActiveCfg = Debug|Any CPU
		{D9539767-F4F4-464A-A5CC-3A61F0CA07CE}.Debug|Any CPU.Build.0 = Debug|Any CPU
		{D9539767-F4F4-464A-A5CC-3A61F0CA07CE}.Release|Any CPU.ActiveCfg = Release|Any CPU
		{D9539767-F4F4-464A-A5CC-3A61F0CA07CE}.Release|Any CPU.Build.0 = Release|Any CPU
		{A3B8DAA2-FB74-4E9D-8423-10240B581A57}.Debug|Any CPU.ActiveCfg = Debug|Any CPU
		{A3B8DAA2-FB74-4E9D-8423-10240B581A57}.Debug|Any CPU.Build.0 = Debug|Any CPU
		{A3B8DAA2-FB74-4E9D-8423-10240B581A57}.Release|Any CPU.ActiveCfg = Release|Any CPU
		{A3B8DAA2-FB74-4E9D-8423-10240B581A57}.Release|Any CPU.Build.0 = Release|Any CPU
		{49E737D4-73EA-4FB9-A654-4C1417745191}.Debug|Any CPU.ActiveCfg = Debug|Any CPU
		{49E737D4-73EA-4FB9-A654-4C1417745191}.Debug|Any CPU.Build.0 = Debug|Any CPU
		{49E737D4-73EA-4FB9-A654-4C1417745191}.Release|Any CPU.ActiveCfg = Release|Any CPU
		{49E737D4-73EA-4FB9-A654-4C1417745191}.Release|Any CPU.Build.0 = Release|Any CPU
		{79358EDB-498D-4100-8926-089A7EC83876}.Debug|Any CPU.ActiveCfg = Debug|Any CPU
		{79358EDB-498D-4100-8926-089A7EC83876}.Debug|Any CPU.Build.0 = Debug|Any CPU
		{79358EDB-498D-4100-8926-089A7EC83876}.Release|Any CPU.ActiveCfg = Release|Any CPU
		{79358EDB-498D-4100-8926-089A7EC83876}.Release|Any CPU.Build.0 = Release|Any CPU
		{335EB21F-E586-4B73-B614-62DE730F9ECC}.Debug|Any CPU.ActiveCfg = Debug|Any CPU
		{335EB21F-E586-4B73-B614-62DE730F9ECC}.Debug|Any CPU.Build.0 = Debug|Any CPU
		{335EB21F-E586-4B73-B614-62DE730F9ECC}.Release|Any CPU.ActiveCfg = Release|Any CPU
		{335EB21F-E586-4B73-B614-62DE730F9ECC}.Release|Any CPU.Build.0 = Release|Any CPU
		{2E248061-11F4-4F8D-A3B6-60BEAD8B8A6B}.Debug|Any CPU.ActiveCfg = Debug|Any CPU
		{2E248061-11F4-4F8D-A3B6-60BEAD8B8A6B}.Debug|Any CPU.Build.0 = Debug|Any CPU
		{2E248061-11F4-4F8D-A3B6-60BEAD8B8A6B}.Release|Any CPU.ActiveCfg = Release|Any CPU
		{2E248061-11F4-4F8D-A3B6-60BEAD8B8A6B}.Release|Any CPU.Build.0 = Release|Any CPU
		{67DDAFBE-C91A-4EC9-81E3-52AC451AD9DF}.Debug|Any CPU.ActiveCfg = Debug|Any CPU
		{67DDAFBE-C91A-4EC9-81E3-52AC451AD9DF}.Debug|Any CPU.Build.0 = Debug|Any CPU
		{67DDAFBE-C91A-4EC9-81E3-52AC451AD9DF}.Release|Any CPU.ActiveCfg = Release|Any CPU
		{67DDAFBE-C91A-4EC9-81E3-52AC451AD9DF}.Release|Any CPU.Build.0 = Release|Any CPU
		{28E8475E-5BDC-4551-9FE1-428A2E28A492}.Debug|Any CPU.ActiveCfg = Debug|Any CPU
		{28E8475E-5BDC-4551-9FE1-428A2E28A492}.Debug|Any CPU.Build.0 = Debug|Any CPU
		{28E8475E-5BDC-4551-9FE1-428A2E28A492}.Release|Any CPU.ActiveCfg = Release|Any CPU
		{28E8475E-5BDC-4551-9FE1-428A2E28A492}.Release|Any CPU.Build.0 = Release|Any CPU
		{235475DD-FF7C-4CDB-8AB4-50FA98AA1EFA}.Debug|Any CPU.ActiveCfg = Debug|Any CPU
		{235475DD-FF7C-4CDB-8AB4-50FA98AA1EFA}.Debug|Any CPU.Build.0 = Debug|Any CPU
		{235475DD-FF7C-4CDB-8AB4-50FA98AA1EFA}.Release|Any CPU.ActiveCfg = Release|Any CPU
		{235475DD-FF7C-4CDB-8AB4-50FA98AA1EFA}.Release|Any CPU.Build.0 = Release|Any CPU
		{28D62407-C767-472A-8043-CF1F76EADBB7}.Debug|Any CPU.ActiveCfg = Debug|Any CPU
		{28D62407-C767-472A-8043-CF1F76EADBB7}.Debug|Any CPU.Build.0 = Debug|Any CPU
		{28D62407-C767-472A-8043-CF1F76EADBB7}.Release|Any CPU.ActiveCfg = Release|Any CPU
		{28D62407-C767-472A-8043-CF1F76EADBB7}.Release|Any CPU.Build.0 = Release|Any CPU
	EndGlobalSection
	GlobalSection(SolutionProperties) = preSolution
		HideSolutionNode = FALSE
	EndGlobalSection
	GlobalSection(NestedProjects) = preSolution
		{7D2830F1-F2F3-464B-8FFE-03266CBCF308} = {B2AC2809-F153-4C5F-A997-8D42DD50C60B}
		{A5EBB6C7-829F-4C7F-91CF-2751CA15CC61} = {B2AC2809-F153-4C5F-A997-8D42DD50C60B}
		{624387FC-96D7-4D1C-A527-E3CE4BCB87A5} = {B2AC2809-F153-4C5F-A997-8D42DD50C60B}
		{2031A027-75AF-4A8D-9207-A6BCC02E4C0D} = {87089BFC-8EE7-4282-B336-4500EDB635AE}
		{9DAE8135-D0D5-4938-9DD3-3C7A822D43FC} = {87089BFC-8EE7-4282-B336-4500EDB635AE}
		{F15385B4-7334-4353-AF4E-5EBD7102BE2F} = {87089BFC-8EE7-4282-B336-4500EDB635AE}
		{18A5468D-2589-4683-9D8D-01CFB57AE55A} = {6191794B-8E0E-40E8-8C02-1909B2ED7E44}
		{ED57CF67-A3D8-4EDB-BFF9-F4765552DD95} = {6191794B-8E0E-40E8-8C02-1909B2ED7E44}
		{8F2A7B3C-6702-4B79-A472-A4C27E91E4D2} = {6191794B-8E0E-40E8-8C02-1909B2ED7E44}
		{084D0FD1-28BE-4D13-95F4-25DA2562A02A} = {4AEA67B9-FCE3-43B2-88EA-EA02FE81C14C}
		{D3BE73B6-07ED-4914-AD63-329F8B6F94EB} = {4AEA67B9-FCE3-43B2-88EA-EA02FE81C14C}
		{D9539767-F4F4-464A-A5CC-3A61F0CA07CE} = {4AEA67B9-FCE3-43B2-88EA-EA02FE81C14C}
		{A3B8DAA2-FB74-4E9D-8423-10240B581A57} = {7D4AA695-F570-4F4C-AE20-BA2669C7882A}
		{49E737D4-73EA-4FB9-A654-4C1417745191} = {7D4AA695-F570-4F4C-AE20-BA2669C7882A}
		{79358EDB-498D-4100-8926-089A7EC83876} = {7D4AA695-F570-4F4C-AE20-BA2669C7882A}
		{335EB21F-E586-4B73-B614-62DE730F9ECC} = {4DA33BE5-8A2C-4CC2-B9B7-0C60231CE7F7}
		{2E248061-11F4-4F8D-A3B6-60BEAD8B8A6B} = {4DA33BE5-8A2C-4CC2-B9B7-0C60231CE7F7}
		{67DDAFBE-C91A-4EC9-81E3-52AC451AD9DF} = {4DA33BE5-8A2C-4CC2-B9B7-0C60231CE7F7}
		{28E8475E-5BDC-4551-9FE1-428A2E28A492} = {3C28C77B-D0DC-467E-B727-F8462DF4F142}
		{235475DD-FF7C-4CDB-8AB4-50FA98AA1EFA} = {3C28C77B-D0DC-467E-B727-F8462DF4F142}
		{28D62407-C767-472A-8043-CF1F76EADBB7} = {3C28C77B-D0DC-467E-B727-F8462DF4F142}
	EndGlobalSection
	GlobalSection(ExtensibilityGlobals) = postSolution
		SolutionGuid = {D83B8D52-ECF3-4F8E-BE40-28173F275152}
	EndGlobalSection
EndGlobal
